
Microsoft Visual Studio Solution File, Format Version 12.00
# Visual Studio 15
VisualStudioVersion = 15.0.26124.0
MinimumVisualStudioVersion = 15.0.26124.0
Project("{2150E333-8FDC-42A3-9474-1A3956D46DE8}") = "Core", "Core", "{19154361-BDA1-41F7-9440-E48485BA81B0}"
EndProject
Project("{2150E333-8FDC-42A3-9474-1A3956D46DE8}") = "InfraEstrutura", "InfraEstrutura", "{C6085EAC-8B32-42D1-8F3B-19F78201F6A2}"
EndProject
Project("{2150E333-8FDC-42A3-9474-1A3956D46DE8}") = "Teste", "Teste", "{FF78B922-19BF-4711-B58C-09B72A63C02B}"
EndProject
Project("{2150E333-8FDC-42A3-9474-1A3956D46DE8}") = "Apresentacao", "Apresentacao", "{0803853C-30E0-4B6B-8D96-94319ADC32F8}"
EndProject
Project("{FAE04EC0-301F-11D3-BF4B-00C04F79EFBC}") = "Aplicacao", "Core\Aplicacao\Aplicacao.csproj", "{623ABDA0-9000-44EE-9779-4D5D34CC1C9A}"
EndProject
Project("{FAE04EC0-301F-11D3-BF4B-00C04F79EFBC}") = "Infraestrutura.Interfaces", "Infraestrutura\Infraestrutura.Interfaces\Infraestrutura.Interfaces.csproj", "{BE9A342B-2AA7-4B72-A55D-727B05EF0A26}"
EndProject
Project("{FAE04EC0-301F-11D3-BF4B-00C04F79EFBC}") = "Aplicacao.Interfaces", "Core\Aplicacao.Interfaces\Aplicacao.Interfaces.csproj", "{4D9EB3A0-84CB-4F2D-AFA9-10F784ACD62E}"
EndProject
Project("{FAE04EC0-301F-11D3-BF4B-00C04F79EFBC}") = "Aplicacao.Dominio", "Core\Aplicacao.Dominio\Aplicacao.Dominio.csproj", "{CA0A2A4C-10AA-49E3-9C32-3983EA3F64F8}"
EndProject
Project("{FAE04EC0-301F-11D3-BF4B-00C04F79EFBC}") = "Infraestrutura", "Infraestrutura\Infraestrutura\Infraestrutura.csproj", "{FCD72654-2E9C-4479-AA4B-B66366BDEE62}"
EndProject
Project("{FAE04EC0-301F-11D3-BF4B-00C04F79EFBC}") = "ApiEstruturaPadrao", "Apresentacao\ApiEstruturaPadrao\ApiEstruturaPadrao.csproj", "{47F077C8-6729-49F3-8A45-26B664F90271}"
EndProject
Project("{FAE04EC0-301F-11D3-BF4B-00C04F79EFBC}") = "TesteNUnit", "Teste\TesteNUnit\TesteNUnit.csproj", "{F2DE2FF2-52CC-45FD-A530-4C6719D6A548}"
EndProject
Global
	GlobalSection(SolutionConfigurationPlatforms) = preSolution
		Debug|Any CPU = Debug|Any CPU
		Debug|x64 = Debug|x64
		Debug|x86 = Debug|x86
		Release|Any CPU = Release|Any CPU
		Release|x64 = Release|x64
		Release|x86 = Release|x86
	EndGlobalSection
	GlobalSection(SolutionProperties) = preSolution
		HideSolutionNode = FALSE
	EndGlobalSection
	GlobalSection(ProjectConfigurationPlatforms) = postSolution
		{623ABDA0-9000-44EE-9779-4D5D34CC1C9A}.Debug|Any CPU.ActiveCfg = Debug|Any CPU
		{623ABDA0-9000-44EE-9779-4D5D34CC1C9A}.Debug|Any CPU.Build.0 = Debug|Any CPU
		{623ABDA0-9000-44EE-9779-4D5D34CC1C9A}.Debug|x64.ActiveCfg = Debug|Any CPU
		{623ABDA0-9000-44EE-9779-4D5D34CC1C9A}.Debug|x64.Build.0 = Debug|Any CPU
		{623ABDA0-9000-44EE-9779-4D5D34CC1C9A}.Debug|x86.ActiveCfg = Debug|Any CPU
		{623ABDA0-9000-44EE-9779-4D5D34CC1C9A}.Debug|x86.Build.0 = Debug|Any CPU
		{623ABDA0-9000-44EE-9779-4D5D34CC1C9A}.Release|Any CPU.ActiveCfg = Release|Any CPU
		{623ABDA0-9000-44EE-9779-4D5D34CC1C9A}.Release|Any CPU.Build.0 = Release|Any CPU
		{623ABDA0-9000-44EE-9779-4D5D34CC1C9A}.Release|x64.ActiveCfg = Release|Any CPU
		{623ABDA0-9000-44EE-9779-4D5D34CC1C9A}.Release|x64.Build.0 = Release|Any CPU
		{623ABDA0-9000-44EE-9779-4D5D34CC1C9A}.Release|x86.ActiveCfg = Release|Any CPU
		{623ABDA0-9000-44EE-9779-4D5D34CC1C9A}.Release|x86.Build.0 = Release|Any CPU
		{BE9A342B-2AA7-4B72-A55D-727B05EF0A26}.Debug|Any CPU.ActiveCfg = Debug|Any CPU
		{BE9A342B-2AA7-4B72-A55D-727B05EF0A26}.Debug|Any CPU.Build.0 = Debug|Any CPU
		{BE9A342B-2AA7-4B72-A55D-727B05EF0A26}.Debug|x64.ActiveCfg = Debug|Any CPU
		{BE9A342B-2AA7-4B72-A55D-727B05EF0A26}.Debug|x64.Build.0 = Debug|Any CPU
		{BE9A342B-2AA7-4B72-A55D-727B05EF0A26}.Debug|x86.ActiveCfg = Debug|Any CPU
		{BE9A342B-2AA7-4B72-A55D-727B05EF0A26}.Debug|x86.Build.0 = Debug|Any CPU
		{BE9A342B-2AA7-4B72-A55D-727B05EF0A26}.Release|Any CPU.ActiveCfg = Release|Any CPU
		{BE9A342B-2AA7-4B72-A55D-727B05EF0A26}.Release|Any CPU.Build.0 = Release|Any CPU
		{BE9A342B-2AA7-4B72-A55D-727B05EF0A26}.Release|x64.ActiveCfg = Release|Any CPU
		{BE9A342B-2AA7-4B72-A55D-727B05EF0A26}.Release|x64.Build.0 = Release|Any CPU
		{BE9A342B-2AA7-4B72-A55D-727B05EF0A26}.Release|x86.ActiveCfg = Release|Any CPU
		{BE9A342B-2AA7-4B72-A55D-727B05EF0A26}.Release|x86.Build.0 = Release|Any CPU
		{4D9EB3A0-84CB-4F2D-AFA9-10F784ACD62E}.Debug|Any CPU.ActiveCfg = Debug|Any CPU
		{4D9EB3A0-84CB-4F2D-AFA9-10F784ACD62E}.Debug|Any CPU.Build.0 = Debug|Any CPU
		{4D9EB3A0-84CB-4F2D-AFA9-10F784ACD62E}.Debug|x64.ActiveCfg = Debug|Any CPU
		{4D9EB3A0-84CB-4F2D-AFA9-10F784ACD62E}.Debug|x64.Build.0 = Debug|Any CPU
		{4D9EB3A0-84CB-4F2D-AFA9-10F784ACD62E}.Debug|x86.ActiveCfg = Debug|Any CPU
		{4D9EB3A0-84CB-4F2D-AFA9-10F784ACD62E}.Debug|x86.Build.0 = Debug|Any CPU
		{4D9EB3A0-84CB-4F2D-AFA9-10F784ACD62E}.Release|Any CPU.ActiveCfg = Release|Any CPU
		{4D9EB3A0-84CB-4F2D-AFA9-10F784ACD62E}.Release|Any CPU.Build.0 = Release|Any CPU
		{4D9EB3A0-84CB-4F2D-AFA9-10F784ACD62E}.Release|x64.ActiveCfg = Release|Any CPU
		{4D9EB3A0-84CB-4F2D-AFA9-10F784ACD62E}.Release|x64.Build.0 = Release|Any CPU
		{4D9EB3A0-84CB-4F2D-AFA9-10F784ACD62E}.Release|x86.ActiveCfg = Release|Any CPU
		{4D9EB3A0-84CB-4F2D-AFA9-10F784ACD62E}.Release|x86.Build.0 = Release|Any CPU
		{CA0A2A4C-10AA-49E3-9C32-3983EA3F64F8}.Debug|Any CPU.ActiveCfg = Debug|Any CPU
		{CA0A2A4C-10AA-49E3-9C32-3983EA3F64F8}.Debug|Any CPU.Build.0 = Debug|Any CPU
		{CA0A2A4C-10AA-49E3-9C32-3983EA3F64F8}.Debug|x64.ActiveCfg = Debug|Any CPU
		{CA0A2A4C-10AA-49E3-9C32-3983EA3F64F8}.Debug|x64.Build.0 = Debug|Any CPU
		{CA0A2A4C-10AA-49E3-9C32-3983EA3F64F8}.Debug|x86.ActiveCfg = Debug|Any CPU
		{CA0A2A4C-10AA-49E3-9C32-3983EA3F64F8}.Debug|x86.Build.0 = Debug|Any CPU
		{CA0A2A4C-10AA-49E3-9C32-3983EA3F64F8}.Release|Any CPU.ActiveCfg = Release|Any CPU
		{CA0A2A4C-10AA-49E3-9C32-3983EA3F64F8}.Release|Any CPU.Build.0 = Release|Any CPU
		{CA0A2A4C-10AA-49E3-9C32-3983EA3F64F8}.Release|x64.ActiveCfg = Release|Any CPU
		{CA0A2A4C-10AA-49E3-9C32-3983EA3F64F8}.Release|x64.Build.0 = Release|Any CPU
		{CA0A2A4C-10AA-49E3-9C32-3983EA3F64F8}.Release|x86.ActiveCfg = Release|Any CPU
		{CA0A2A4C-10AA-49E3-9C32-3983EA3F64F8}.Release|x86.Build.0 = Release|Any CPU
		{FCD72654-2E9C-4479-AA4B-B66366BDEE62}.Debug|Any CPU.ActiveCfg = Debug|Any CPU
		{FCD72654-2E9C-4479-AA4B-B66366BDEE62}.Debug|Any CPU.Build.0 = Debug|Any CPU
		{FCD72654-2E9C-4479-AA4B-B66366BDEE62}.Debug|x64.ActiveCfg = Debug|Any CPU
		{FCD72654-2E9C-4479-AA4B-B66366BDEE62}.Debug|x64.Build.0 = Debug|Any CPU
		{FCD72654-2E9C-4479-AA4B-B66366BDEE62}.Debug|x86.ActiveCfg = Debug|Any CPU
		{FCD72654-2E9C-4479-AA4B-B66366BDEE62}.Debug|x86.Build.0 = Debug|Any CPU
		{FCD72654-2E9C-4479-AA4B-B66366BDEE62}.Release|Any CPU.ActiveCfg = Release|Any CPU
		{FCD72654-2E9C-4479-AA4B-B66366BDEE62}.Release|Any CPU.Build.0 = Release|Any CPU
		{FCD72654-2E9C-4479-AA4B-B66366BDEE62}.Release|x64.ActiveCfg = Release|Any CPU
		{FCD72654-2E9C-4479-AA4B-B66366BDEE62}.Release|x64.Build.0 = Release|Any CPU
		{FCD72654-2E9C-4479-AA4B-B66366BDEE62}.Release|x86.ActiveCfg = Release|Any CPU
		{FCD72654-2E9C-4479-AA4B-B66366BDEE62}.Release|x86.Build.0 = Release|Any CPU
		{47F077C8-6729-49F3-8A45-26B664F90271}.Debug|Any CPU.ActiveCfg = Debug|Any CPU
		{47F077C8-6729-49F3-8A45-26B664F90271}.Debug|Any CPU.Build.0 = Debug|Any CPU
		{47F077C8-6729-49F3-8A45-26B664F90271}.Debug|x64.ActiveCfg = Debug|Any CPU
		{47F077C8-6729-49F3-8A45-26B664F90271}.Debug|x64.Build.0 = Debug|Any CPU
		{47F077C8-6729-49F3-8A45-26B664F90271}.Debug|x86.ActiveCfg = Debug|Any CPU
		{47F077C8-6729-49F3-8A45-26B664F90271}.Debug|x86.Build.0 = Debug|Any CPU
		{47F077C8-6729-49F3-8A45-26B664F90271}.Release|Any CPU.ActiveCfg = Release|Any CPU
		{47F077C8-6729-49F3-8A45-26B664F90271}.Release|Any CPU.Build.0 = Release|Any CPU
		{47F077C8-6729-49F3-8A45-26B664F90271}.Release|x64.ActiveCfg = Release|Any CPU
		{47F077C8-6729-49F3-8A45-26B664F90271}.Release|x64.Build.0 = Release|Any CPU
		{47F077C8-6729-49F3-8A45-26B664F90271}.Release|x86.ActiveCfg = Release|Any CPU
		{47F077C8-6729-49F3-8A45-26B664F90271}.Release|x86.Build.0 = Release|Any CPU
		{F2DE2FF2-52CC-45FD-A530-4C6719D6A548}.Debug|Any CPU.ActiveCfg = Debug|Any CPU
		{F2DE2FF2-52CC-45FD-A530-4C6719D6A548}.Debug|Any CPU.Build.0 = Debug|Any CPU
		{F2DE2FF2-52CC-45FD-A530-4C6719D6A548}.Debug|x64.ActiveCfg = Debug|Any CPU
		{F2DE2FF2-52CC-45FD-A530-4C6719D6A548}.Debug|x64.Build.0 = Debug|Any CPU
		{F2DE2FF2-52CC-45FD-A530-4C6719D6A548}.Debug|x86.ActiveCfg = Debug|Any CPU
		{F2DE2FF2-52CC-45FD-A530-4C6719D6A548}.Debug|x86.Build.0 = Debug|Any CPU
		{F2DE2FF2-52CC-45FD-A530-4C6719D6A548}.Release|Any CPU.ActiveCfg = Release|Any CPU
		{F2DE2FF2-52CC-45FD-A530-4C6719D6A548}.Release|Any CPU.Build.0 = Release|Any CPU
		{F2DE2FF2-52CC-45FD-A530-4C6719D6A548}.Release|x64.ActiveCfg = Release|Any CPU
		{F2DE2FF2-52CC-45FD-A530-4C6719D6A548}.Release|x64.Build.0 = Release|Any CPU
		{F2DE2FF2-52CC-45FD-A530-4C6719D6A548}.Release|x86.ActiveCfg = Release|Any CPU
		{F2DE2FF2-52CC-45FD-A530-4C6719D6A548}.Release|x86.Build.0 = Release|Any CPU
	EndGlobalSection
	GlobalSection(NestedProjects) = preSolution
		{623ABDA0-9000-44EE-9779-4D5D34CC1C9A} = {19154361-BDA1-41F7-9440-E48485BA81B0}
		{BE9A342B-2AA7-4B72-A55D-727B05EF0A26} = {C6085EAC-8B32-42D1-8F3B-19F78201F6A2}
		{4D9EB3A0-84CB-4F2D-AFA9-10F784ACD62E} = {19154361-BDA1-41F7-9440-E48485BA81B0}
		{CA0A2A4C-10AA-49E3-9C32-3983EA3F64F8} = {19154361-BDA1-41F7-9440-E48485BA81B0}
		{FCD72654-2E9C-4479-AA4B-B66366BDEE62} = {C6085EAC-8B32-42D1-8F3B-19F78201F6A2}
		{47F077C8-6729-49F3-8A45-26B664F90271} = {0803853C-30E0-4B6B-8D96-94319ADC32F8}
		{F2DE2FF2-52CC-45FD-A530-4C6719D6A548} = {FF78B922-19BF-4711-B58C-09B72A63C02B}
	EndGlobalSection
EndGlobal
